{
  "nodes": {
    "flake-parts": {
      "inputs": {
        "nixpkgs-lib": "nixpkgs-lib"
      },
      "locked": {
        "lastModified": 1733312601,
        "narHash": "sha256-4pDvzqnegAfRkPwO3wmwBhVi/Sye1mzps0zHWYnP88c=",
        "owner": "hercules-ci",
        "repo": "flake-parts",
        "rev": "205b12d8b7cd4802fbcb8e8ef6a0f1408781a4f9",
        "type": "github"
      },
      "original": {
        "owner": "hercules-ci",
        "repo": "flake-parts",
        "type": "github"
      }
    },
    "hpp-core": {
      "inputs": {
        "flake-parts": [
          "flake-parts"
        ],
        "nixpkgs": [
          "nixpkgs"
        ]
      },
      "locked": {
        "lastModified": 1737041762,
        "narHash": "sha256-hQcw4Z8q1DZmA7IbxJh84rCYjnyFicz2lbH3uES2tOY=",
        "owner": "humanoid-path-planner",
        "repo": "hpp-core",
        "rev": "e16b6bd38b1d2e9031ba7b395541cd569280c5b2",
        "type": "github"
      },
      "original": {
        "owner": "humanoid-path-planner",
        "ref": "devel",
        "repo": "hpp-core",
        "type": "github"
      }
    },
    "hpp-pinocchio": {
      "inputs": {
        "flake-parts": [
          "flake-parts"
        ],
        "nixpkgs": [
          "nixpkgs"
        ]
      },
      "locked": {
        "lastModified": 1737039837,
        "narHash": "sha256-LOcTojRTjDLwHYZsszoNyfIbTr7Nl6Zb/kh9laXp59g=",
        "owner": "humanoid-path-planner",
        "repo": "hpp-pinocchio",
        "rev": "acccdc88414966ce6284792212cf3b4262a3dc8c",
        "type": "github"
      },
      "original": {
        "owner": "humanoid-path-planner",
        "ref": "devel",
        "repo": "hpp-pinocchio",
        "type": "github"
      }
    },
    "nixpkgs": {
      "locked": {
        "lastModified": 1734533323,
        "narHash": "sha256-ZRiWg40XZ2gZF1dt3LJYekW1XtvuHXDoToLR9dZUxWo=",
        "owner": "NixOS",
        "repo": "nixpkgs",
        "rev": "e5ac8008c6a0e6f4612b32368b0e1a6f8ded25ff",
        "type": "github"
      },
      "original": {
        "owner": "NixOS",
        "ref": "refs/pull/362956/head",
        "repo": "nixpkgs",
        "type": "github"
      }
    },
    "nixpkgs-lib": {
      "locked": {
        "lastModified": 1733096140,
        "narHash": "sha256-1qRH7uAUsyQI7R1Uwl4T+XvdNv778H0Nb5njNrqvylY=",
        "type": "tarball",
        "url": "https://github.com/NixOS/nixpkgs/archive/5487e69da40cbd611ab2cadee0b4637225f7cfae.tar.gz"
      },
      "original": {
        "type": "tarball",
        "url": "https://github.com/NixOS/nixpkgs/archive/5487e69da40cbd611ab2cadee0b4637225f7cfae.tar.gz"
      }
    },
    "root": {
      "inputs": {
        "flake-parts": "flake-parts",
        "hpp-core": "hpp-core",
        "hpp-pinocchio": "hpp-pinocchio",
        "nixpkgs": "nixpkgs"
      }
    }
  },
  "root": "root",
  "version": 7
}
